
Microsoft Visual Studio Solution File, Format Version 12.00
# Visual Studio Version 17
VisualStudioVersion = 17.8.34330.188
MinimumVisualStudioVersion = 10.0.40219.1
Project("{FAE04EC0-301F-11D3-BF4B-00C04F79EFBC}") = "RSSOkumaUygulaması", "RSSOkumaUygulaması\RSSOkumaUygulaması.csproj", "{A7D40E83-A13B-4287-A80A-09B1B32B20DB}"
EndProject
Global
	GlobalSection(SolutionConfigurationPlatforms) = preSolution
		Debug|Any CPU = Debug|Any CPU
		Release|Any CPU = Release|Any CPU
	EndGlobalSection
	GlobalSection(ProjectConfigurationPlatforms) = postSolution
		{A7D40E83-A13B-4287-A80A-09B1B32B20DB}.Debug|Any CPU.ActiveCfg = Debug|Any CPU
		{A7D40E83-A13B-4287-A80A-09B1B32B20DB}.Debug|Any CPU.Build.0 = Debug|Any CPU
		{A7D40E83-A13B-4287-A80A-09B1B32B20DB}.Release|Any CPU.ActiveCfg = Release|Any CPU
		{A7D40E83-A13B-4287-A80A-09B1B32B20DB}.Release|Any CPU.Build.0 = Release|Any CPU
	EndGlobalSection
	GlobalSection(SolutionProperties) = preSolution
		HideSolutionNode = FALSE
	EndGlobalSection
	GlobalSection(ExtensibilityGlobals) = postSolution
		SolutionGuid = {7CB94DE8-3AEB-421B-A6F1-86F19AD5BC60}
	EndGlobalSection
EndGlobal
